
Microsoft Visual Studio Solution File, Format Version 12.00
# Visual Studio Version 17
VisualStudioVersion = 17.0.31903.59
MinimumVisualStudioVersion = 10.0.40219.1
Project("{FAE04EC0-301F-11D3-BF4B-00C04F79EFBC}") = "TaskBoard.DAL", "src\TaskBoard.DAL\TaskBoard.DAL.csproj", "{8CD562C0-7F54-49FB-84C6-410797090A1D}"
EndProject
Project("{FAE04EC0-301F-11D3-BF4B-00C04F79EFBC}") = "TaskBoard.BLL", "src\TaskBoard.BLL\TaskBoard.BLL.csproj", "{FF052E22-792F-4A9A-901D-D3F05C245EE0}"
EndProject
Project("{FAE04EC0-301F-11D3-BF4B-00C04F79EFBC}") = "TaskBoard.API", "src\TaskBoard.API\TaskBoard.API.csproj", "{402FA6B6-16B0-414E-9913-CFC57AF34AC2}"
EndProject
Project("{2150E333-8FDC-42A3-9474-1A3956D46DE8}") = "test", "test", "{23E63B00-3560-4D5B-9DF7-AFA424AD639F}"
EndProject
Project("{FAE04EC0-301F-11D3-BF4B-00C04F79EFBC}") = "TaskBoard.BLL.Tests.Unit", "test\TaskBoard.BLL.Tests.Unit\TaskBoard.BLL.Tests.Unit.csproj", "{08E1E770-3C2F-4022-8F4D-6EAFD2702A55}"
EndProject
Global
	GlobalSection(SolutionConfigurationPlatforms) = preSolution
		Debug|Any CPU = Debug|Any CPU
		Release|Any CPU = Release|Any CPU
	EndGlobalSection
	GlobalSection(SolutionProperties) = preSolution
		HideSolutionNode = FALSE
	EndGlobalSection
	GlobalSection(ProjectConfigurationPlatforms) = postSolution
		{8CD562C0-7F54-49FB-84C6-410797090A1D}.Debug|Any CPU.ActiveCfg = Debug|Any CPU
		{8CD562C0-7F54-49FB-84C6-410797090A1D}.Debug|Any CPU.Build.0 = Debug|Any CPU
		{8CD562C0-7F54-49FB-84C6-410797090A1D}.Release|Any CPU.ActiveCfg = Release|Any CPU
		{8CD562C0-7F54-49FB-84C6-410797090A1D}.Release|Any CPU.Build.0 = Release|Any CPU
		{FF052E22-792F-4A9A-901D-D3F05C245EE0}.Debug|Any CPU.ActiveCfg = Debug|Any CPU
		{FF052E22-792F-4A9A-901D-D3F05C245EE0}.Debug|Any CPU.Build.0 = Debug|Any CPU
		{FF052E22-792F-4A9A-901D-D3F05C245EE0}.Release|Any CPU.ActiveCfg = Release|Any CPU
		{FF052E22-792F-4A9A-901D-D3F05C245EE0}.Release|Any CPU.Build.0 = Release|Any CPU
		{402FA6B6-16B0-414E-9913-CFC57AF34AC2}.Debug|Any CPU.ActiveCfg = Debug|Any CPU
		{402FA6B6-16B0-414E-9913-CFC57AF34AC2}.Debug|Any CPU.Build.0 = Debug|Any CPU
		{402FA6B6-16B0-414E-9913-CFC57AF34AC2}.Release|Any CPU.ActiveCfg = Release|Any CPU
		{402FA6B6-16B0-414E-9913-CFC57AF34AC2}.Release|Any CPU.Build.0 = Release|Any CPU
		{08E1E770-3C2F-4022-8F4D-6EAFD2702A55}.Debug|Any CPU.ActiveCfg = Debug|Any CPU
		{08E1E770-3C2F-4022-8F4D-6EAFD2702A55}.Debug|Any CPU.Build.0 = Debug|Any CPU
		{08E1E770-3C2F-4022-8F4D-6EAFD2702A55}.Release|Any CPU.ActiveCfg = Release|Any CPU
		{08E1E770-3C2F-4022-8F4D-6EAFD2702A55}.Release|Any CPU.Build.0 = Release|Any CPU
	EndGlobalSection
	GlobalSection(NestedProjects) = preSolution
		{08E1E770-3C2F-4022-8F4D-6EAFD2702A55} = {23E63B00-3560-4D5B-9DF7-AFA424AD639F}
	EndGlobalSection
EndGlobal
